{
  "requires": true,
  "lockfileVersion": 1,
  "dependencies": {
    "trtc-js-sdk": {
      "version": "4.11.13",
      "resolved": "https://registry.npmjs.org/trtc-js-sdk/-/trtc-js-sdk-4.11.13.tgz",
      "integrity": "sha512-W9w52wgvtgGodNiPWi9iNCHXwdICUm7mcncUYE64rggFRr53dhit8AfFfDQh9T8XLpv+FHY+jS4PSM5BKtHelQ=="
    }
  }
}
